
Microsoft Visual Studio Solution File, Format Version 12.00
Project("{FAE04EC0-301F-11D3-BF4B-00C04F79EFBC}") = "WebApp", "WebApp\WebApp.csproj", "{1D71B4D9-2F06-4988-B71B-CC63E439D269}"
EndProject
Project("{FAE04EC0-301F-11D3-BF4B-00C04F79EFBC}") = "Domain", "Domain\Domain.csproj", "{025BFEF5-395E-42FD-96CE-2244B9845B19}"
EndProject
Project("{2150E333-8FDC-42A3-9474-1A3956D46DE8}") = "Core", "Core", "{76D8C42E-E3C1-485D-A4E7-D9A6B36D0B1B}"
EndProject
Project("{FAE04EC0-301F-11D3-BF4B-00C04F79EFBC}") = "Application", "Application\Application.csproj", "{8FE25DF9-3D97-47FD-92D4-E8884CD93850}"
EndProject
Project("{2150E333-8FDC-42A3-9474-1A3956D46DE8}") = "External", "External", "{EC9BA106-2E20-4D55-B2F9-462289ED7364}"
EndProject
Project("{FAE04EC0-301F-11D3-BF4B-00C04F79EFBC}") = "Presentation", "Presentation\Presentation.csproj", "{574F7164-56D1-464B-BE9A-DE223756BCFD}"
EndProject
Project("{2150E333-8FDC-42A3-9474-1A3956D46DE8}") = "API", "API", "{1F88EF11-5A5A-4C26-BFDB-80F0B66BD5BF}"
EndProject
Project("{FAE04EC0-301F-11D3-BF4B-00C04F79EFBC}") = "Infrastructure", "Infrastructure\Infrastructure.csproj", "{FD4C243C-4BD8-4A5D-B6B7-C39C4CBC33B8}"
EndProject
Global
	GlobalSection(SolutionConfigurationPlatforms) = preSolution
		Debug|Any CPU = Debug|Any CPU
		Release|Any CPU = Release|Any CPU
	EndGlobalSection
	GlobalSection(ProjectConfigurationPlatforms) = postSolution
		{1D71B4D9-2F06-4988-B71B-CC63E439D269}.Debug|Any CPU.ActiveCfg = Debug|Any CPU
		{1D71B4D9-2F06-4988-B71B-CC63E439D269}.Debug|Any CPU.Build.0 = Debug|Any CPU
		{1D71B4D9-2F06-4988-B71B-CC63E439D269}.Release|Any CPU.ActiveCfg = Release|Any CPU
		{1D71B4D9-2F06-4988-B71B-CC63E439D269}.Release|Any CPU.Build.0 = Release|Any CPU
		{025BFEF5-395E-42FD-96CE-2244B9845B19}.Debug|Any CPU.ActiveCfg = Debug|Any CPU
		{025BFEF5-395E-42FD-96CE-2244B9845B19}.Debug|Any CPU.Build.0 = Debug|Any CPU
		{025BFEF5-395E-42FD-96CE-2244B9845B19}.Release|Any CPU.ActiveCfg = Release|Any CPU
		{025BFEF5-395E-42FD-96CE-2244B9845B19}.Release|Any CPU.Build.0 = Release|Any CPU
		{8FE25DF9-3D97-47FD-92D4-E8884CD93850}.Debug|Any CPU.ActiveCfg = Debug|Any CPU
		{8FE25DF9-3D97-47FD-92D4-E8884CD93850}.Debug|Any CPU.Build.0 = Debug|Any CPU
		{8FE25DF9-3D97-47FD-92D4-E8884CD93850}.Release|Any CPU.ActiveCfg = Release|Any CPU
		{8FE25DF9-3D97-47FD-92D4-E8884CD93850}.Release|Any CPU.Build.0 = Release|Any CPU
		{574F7164-56D1-464B-BE9A-DE223756BCFD}.Debug|Any CPU.ActiveCfg = Debug|Any CPU
		{574F7164-56D1-464B-BE9A-DE223756BCFD}.Debug|Any CPU.Build.0 = Debug|Any CPU
		{574F7164-56D1-464B-BE9A-DE223756BCFD}.Release|Any CPU.ActiveCfg = Release|Any CPU
		{574F7164-56D1-464B-BE9A-DE223756BCFD}.Release|Any CPU.Build.0 = Release|Any CPU
		{FD4C243C-4BD8-4A5D-B6B7-C39C4CBC33B8}.Debug|Any CPU.ActiveCfg = Debug|Any CPU
		{FD4C243C-4BD8-4A5D-B6B7-C39C4CBC33B8}.Debug|Any CPU.Build.0 = Debug|Any CPU
		{FD4C243C-4BD8-4A5D-B6B7-C39C4CBC33B8}.Release|Any CPU.ActiveCfg = Release|Any CPU
		{FD4C243C-4BD8-4A5D-B6B7-C39C4CBC33B8}.Release|Any CPU.Build.0 = Release|Any CPU
	EndGlobalSection
	GlobalSection(NestedProjects) = preSolution
		{025BFEF5-395E-42FD-96CE-2244B9845B19} = {76D8C42E-E3C1-485D-A4E7-D9A6B36D0B1B}
		{8FE25DF9-3D97-47FD-92D4-E8884CD93850} = {76D8C42E-E3C1-485D-A4E7-D9A6B36D0B1B}
		{574F7164-56D1-464B-BE9A-DE223756BCFD} = {EC9BA106-2E20-4D55-B2F9-462289ED7364}
		{1D71B4D9-2F06-4988-B71B-CC63E439D269} = {1F88EF11-5A5A-4C26-BFDB-80F0B66BD5BF}
		{FD4C243C-4BD8-4A5D-B6B7-C39C4CBC33B8} = {EC9BA106-2E20-4D55-B2F9-462289ED7364}
	EndGlobalSection
EndGlobal
